// !$*UTF8*$!
{
	archiveVersion = 1;
	classes = {
	};
	objectVersion = 55;
	objects = {

/* Begin PBXBuildFile section */
		856DD1A1276F0A7900DD8E03 /* AppleWatchAppSample WatchKit App.app in Embed Watch Content */ = {isa = PBXBuildFile; fileRef = 856DD1A0276F0A7900DD8E03 /* AppleWatchAppSample WatchKit App.app */; settings = {ATTRIBUTES = (RemoveHeadersOnCopy, ); }; };
		856DD1A6276F0A7C00DD8E03 /* Assets.xcassets in Resources */ = {isa = PBXBuildFile; fileRef = 856DD1A5276F0A7C00DD8E03 /* Assets.xcassets */; };
		856DD1AC276F0A7C00DD8E03 /* AppleWatchAppSample WatchKit Extension.appex in Embed App Extensions */ = {isa = PBXBuildFile; fileRef = 856DD1AB276F0A7C00DD8E03 /* AppleWatchAppSample WatchKit Extension.appex */; settings = {ATTRIBUTES = (RemoveHeadersOnCopy, ); }; };
		856DD1B1276F0A7C00DD8E03 /* AppleWatchAppSampleApp.swift in Sources */ = {isa = PBXBuildFile; fileRef = 856DD1B0276F0A7C00DD8E03 /* AppleWatchAppSampleApp.swift */; };
		856DD1B3276F0A7C00DD8E03 /* ContentView.swift in Sources */ = {isa = PBXBuildFile; fileRef = 856DD1B2276F0A7C00DD8E03 /* ContentView.swift */; };
		856DD1B5276F0A7C00DD8E03 /* NotificationController.swift in Sources */ = {isa = PBXBuildFile; fileRef = 856DD1B4276F0A7C00DD8E03 /* NotificationController.swift */; };
		856DD1B7276F0A7C00DD8E03 /* NotificationView.swift in Sources */ = {isa = PBXBuildFile; fileRef = 856DD1B6276F0A7C00DD8E03 /* NotificationView.swift */; };
		856DD1B9276F0A7C00DD8E03 /* ComplicationController.swift in Sources */ = {isa = PBXBuildFile; fileRef = 856DD1B8276F0A7C00DD8E03 /* ComplicationController.swift */; };
		856DD1BB276F0A7E00DD8E03 /* Assets.xcassets in Resources */ = {isa = PBXBuildFile; fileRef = 856DD1BA276F0A7E00DD8E03 /* Assets.xcassets */; };
		856DD1BE276F0A7E00DD8E03 /* Preview Assets.xcassets in Resources */ = {isa = PBXBuildFile; fileRef = 856DD1BD276F0A7E00DD8E03 /* Preview Assets.xcassets */; };
		856DD1CA276F0A7E00DD8E03 /* AppleWatchAppSampleTests.swift in Sources */ = {isa = PBXBuildFile; fileRef = 856DD1C9276F0A7E00DD8E03 /* AppleWatchAppSampleTests.swift */; };
		856DD1D4276F0A7E00DD8E03 /* AppleWatchAppSampleUITests.swift in Sources */ = {isa = PBXBuildFile; fileRef = 856DD1D3276F0A7E00DD8E03 /* AppleWatchAppSampleUITests.swift */; };
		856DD1D6276F0A7E00DD8E03 /* AppleWatchAppSampleUITestsLaunchTests.swift in Sources */ = {isa = PBXBuildFile; fileRef = 856DD1D5276F0A7E00DD8E03 /* AppleWatchAppSampleUITestsLaunchTests.swift */; };
/* End PBXBuildFile section */

/* Begin PBXContainerItemProxy section */
		856DD1A2276F0A7900DD8E03 /* PBXContainerItemProxy */ = {
			isa = PBXContainerItemProxy;
			containerPortal = 856DD196276F0A7800DD8E03 /* Project object */;
			proxyType = 1;
			remoteGlobalIDString = 856DD19F276F0A7900DD8E03;
			remoteInfo = "AppleWatchAppSample WatchKit App";
		};
		856DD1AD276F0A7C00DD8E03 /* PBXContainerItemProxy */ = {
			isa = PBXContainerItemProxy;
			containerPortal = 856DD196276F0A7800DD8E03 /* Project object */;
			proxyType = 1;
			remoteGlobalIDString = 856DD1AA276F0A7C00DD8E03;
			remoteInfo = "AppleWatchAppSample WatchKit Extension";
		};
		856DD1C6276F0A7E00DD8E03 /* PBXContainerItemProxy */ = {
			isa = PBXContainerItemProxy;
			containerPortal = 856DD196276F0A7800DD8E03 /* Project object */;
			proxyType = 1;
			remoteGlobalIDString = 856DD1AA276F0A7C00DD8E03;
			remoteInfo = "AppleWatchAppSample WatchKit Extension";
		};
		856DD1D0276F0A7E00DD8E03 /* PBXContainerItemProxy */ = {
			isa = PBXContainerItemProxy;
			containerPortal = 856DD196276F0A7800DD8E03 /* Project object */;
			proxyType = 1;
			remoteGlobalIDString = 856DD19F276F0A7900DD8E03;
			remoteInfo = "AppleWatchAppSample WatchKit App";
		};
/* End PBXContainerItemProxy section */

/* Begin PBXCopyFilesBuildPhase section */
		856DD1DC276F0A7E00DD8E03 /* Embed App Extensions */ = {
			isa = PBXCopyFilesBuildPhase;
			buildActionMask = 2147483647;
			dstPath = "";
			dstSubfolderSpec = 13;
			files = (
				856DD1AC276F0A7C00DD8E03 /* AppleWatchAppSample WatchKit Extension.appex in Embed App Extensions */,
			);
			name = "Embed App Extensions";
			runOnlyForDeploymentPostprocessing = 0;
		};
		856DD1E0276F0A7E00DD8E03 /* Embed Watch Content */ = {
			isa = PBXCopyFilesBuildPhase;
			buildActionMask = 2147483647;
			dstPath = "$(CONTENTS_FOLDER_PATH)/Watch";
			dstSubfolderSpec = 16;
			files = (
				856DD1A1276F0A7900DD8E03 /* AppleWatchAppSample WatchKit App.app in Embed Watch Content */,
			);
			name = "Embed Watch Content";
			runOnlyForDeploymentPostprocessing = 0;
		};
/* End PBXCopyFilesBuildPhase section */

/* Begin PBXFileReference section */
		856DD19C276F0A7800DD8E03 /* AppleWatchAppSample.app */ = {isa = PBXFileReference; explicitFileType = wrapper.application; includeInIndex = 0; path = AppleWatchAppSample.app; sourceTree = BUILT_PRODUCTS_DIR; };
		856DD1A0276F0A7900DD8E03 /* AppleWatchAppSample WatchKit App.app */ = {isa = PBXFileReference; explicitFileType = wrapper.application; includeInIndex = 0; path = "AppleWatchAppSample WatchKit App.app"; sourceTree = BUILT_PRODUCTS_DIR; };
		856DD1A5276F0A7C00DD8E03 /* Assets.xcassets */ = {isa = PBXFileReference; lastKnownFileType = folder.assetcatalog; path = Assets.xcassets; sourceTree = "<group>"; };
		856DD1AB276F0A7C00DD8E03 /* AppleWatchAppSample WatchKit Extension.appex */ = {isa = PBXFileReference; explicitFileType = "wrapper.app-extension"; includeInIndex = 0; path = "AppleWatchAppSample WatchKit Extension.appex"; sourceTree = BUILT_PRODUCTS_DIR; };
		856DD1B0276F0A7C00DD8E03 /* AppleWatchAppSampleApp.swift */ = {isa = PBXFileReference; lastKnownFileType = sourcecode.swift; path = AppleWatchAppSampleApp.swift; sourceTree = "<group>"; };
		856DD1B2276F0A7C00DD8E03 /* ContentView.swift */ = {isa = PBXFileReference; lastKnownFileType = sourcecode.swift; path = ContentView.swift; sourceTree = "<group>"; };
		856DD1B4276F0A7C00DD8E03 /* NotificationController.swift */ = {isa = PBXFileReference; lastKnownFileType = sourcecode.swift; path = NotificationController.swift; sourceTree = "<group>"; };
		856DD1B6276F0A7C00DD8E03 /* NotificationView.swift */ = {isa = PBXFileReference; lastKnownFileType = sourcecode.swift; path = NotificationView.swift; sourceTree = "<group>"; };
		856DD1B8276F0A7C00DD8E03 /* ComplicationController.swift */ = {isa = PBXFileReference; lastKnownFileType = sourcecode.swift; path = ComplicationController.swift; sourceTree = "<group>"; };
		856DD1BA276F0A7E00DD8E03 /* Assets.xcassets */ = {isa = PBXFileReference; lastKnownFileType = folder.assetcatalog; path = Assets.xcassets; sourceTree = "<group>"; };
		856DD1BD276F0A7E00DD8E03 /* Preview Assets.xcassets */ = {isa = PBXFileReference; lastKnownFileType = folder.assetcatalog; path = "Preview Assets.xcassets"; sourceTree = "<group>"; };
		856DD1BF276F0A7E00DD8E03 /* Info.plist */ = {isa = PBXFileReference; lastKnownFileType = text.plist.xml; path = Info.plist; sourceTree = "<group>"; };
		856DD1C0276F0A7E00DD8E03 /* PushNotificationPayload.apns */ = {isa = PBXFileReference; lastKnownFileType = text; path = PushNotificationPayload.apns; sourceTree = "<group>"; };
		856DD1C5276F0A7E00DD8E03 /* AppleWatchAppSampleTests.xctest */ = {isa = PBXFileReference; explicitFileType = wrapper.cfbundle; includeInIndex = 0; path = AppleWatchAppSampleTests.xctest; sourceTree = BUILT_PRODUCTS_DIR; };
		856DD1C9276F0A7E00DD8E03 /* AppleWatchAppSampleTests.swift */ = {isa = PBXFileReference; lastKnownFileType = sourcecode.swift; path = AppleWatchAppSampleTests.swift; sourceTree = "<group>"; };
		856DD1CF276F0A7E00DD8E03 /* AppleWatchAppSampleUITests.xctest */ = {isa = PBXFileReference; explicitFileType = wrapper.cfbundle; includeInIndex = 0; path = AppleWatchAppSampleUITests.xctest; sourceTree = BUILT_PRODUCTS_DIR; };
		856DD1D3276F0A7E00DD8E03 /* AppleWatchAppSampleUITests.swift */ = {isa = PBXFileReference; lastKnownFileType = sourcecode.swift; path = AppleWatchAppSampleUITests.swift; sourceTree = "<group>"; };
		856DD1D5276F0A7E00DD8E03 /* AppleWatchAppSampleUITestsLaunchTests.swift */ = {isa = PBXFileReference; lastKnownFileType = sourcecode.swift; path = AppleWatchAppSampleUITestsLaunchTests.swift; sourceTree = "<group>"; };
/* End PBXFileReference section */

/* Begin PBXFrameworksBuildPhase section */
		856DD1A8276F0A7C00DD8E03 /* Frameworks */ = {
			isa = PBXFrameworksBuildPhase;
			buildActionMask = 2147483647;
			files = (
			);
			runOnlyForDeploymentPostprocessing = 0;
		};
		856DD1C2276F0A7E00DD8E03 /* Frameworks */ = {
			isa = PBXFrameworksBuildPhase;
			buildActionMask = 2147483647;
			files = (
			);
			runOnlyForDeploymentPostprocessing = 0;
		};
		856DD1CC276F0A7E00DD8E03 /* Frameworks */ = {
			isa = PBXFrameworksBuildPhase;
			buildActionMask = 2147483647;
			files = (
			);
			runOnlyForDeploymentPostprocessing = 0;
		};
/* End PBXFrameworksBuildPhase section */

/* Begin PBXGroup section */
		856DD195276F0A7800DD8E03 = {
			isa = PBXGroup;
			children = (
				856DD1A4276F0A7900DD8E03 /* AppleWatchAppSample WatchKit App */,
				856DD1AF276F0A7C00DD8E03 /* AppleWatchAppSample WatchKit Extension */,
				856DD1C8276F0A7E00DD8E03 /* AppleWatchAppSampleTests */,
				856DD1D2276F0A7E00DD8E03 /* AppleWatchAppSampleUITests */,
				856DD19D276F0A7800DD8E03 /* Products */,
			);
			sourceTree = "<group>";
		};
		856DD19D276F0A7800DD8E03 /* Products */ = {
			isa = PBXGroup;
			children = (
				856DD19C276F0A7800DD8E03 /* AppleWatchAppSample.app */,
				856DD1A0276F0A7900DD8E03 /* AppleWatchAppSample WatchKit App.app */,
				856DD1AB276F0A7C00DD8E03 /* AppleWatchAppSample WatchKit Extension.appex */,
				856DD1C5276F0A7E00DD8E03 /* AppleWatchAppSampleTests.xctest */,
				856DD1CF276F0A7E00DD8E03 /* AppleWatchAppSampleUITests.xctest */,
			);
			name = Products;
			sourceTree = "<group>";
		};
		856DD1A4276F0A7900DD8E03 /* AppleWatchAppSample WatchKit App */ = {
			isa = PBXGroup;
			children = (
				856DD1A5276F0A7C00DD8E03 /* Assets.xcassets */,
			);
			path = "AppleWatchAppSample WatchKit App";
			sourceTree = "<group>";
		};
		856DD1AF276F0A7C00DD8E03 /* AppleWatchAppSample WatchKit Extension */ = {
			isa = PBXGroup;
			children = (
				856DD1B0276F0A7C00DD8E03 /* AppleWatchAppSampleApp.swift */,
				856DD1B2276F0A7C00DD8E03 /* ContentView.swift */,
				856DD1B4276F0A7C00DD8E03 /* NotificationController.swift */,
				856DD1B6276F0A7C00DD8E03 /* NotificationView.swift */,
				856DD1B8276F0A7C00DD8E03 /* ComplicationController.swift */,
				856DD1BA276F0A7E00DD8E03 /* Assets.xcassets */,
				856DD1BF276F0A7E00DD8E03 /* Info.plist */,
				856DD1C0276F0A7E00DD8E03 /* PushNotificationPayload.apns */,
				856DD1BC276F0A7E00DD8E03 /* Preview Content */,
			);
			path = "AppleWatchAppSample WatchKit Extension";
			sourceTree = "<group>";
		};
		856DD1BC276F0A7E00DD8E03 /* Preview Content */ = {
			isa = PBXGroup;
			children = (
				856DD1BD276F0A7E00DD8E03 /* Preview Assets.xcassets */,
			);
			path = "Preview Content";
			sourceTree = "<group>";
		};
		856DD1C8276F0A7E00DD8E03 /* AppleWatchAppSampleTests */ = {
			isa = PBXGroup;
			children = (
				856DD1C9276F0A7E00DD8E03 /* AppleWatchAppSampleTests.swift */,
			);
			path = AppleWatchAppSampleTests;
			sourceTree = "<group>";
		};
		856DD1D2276F0A7E00DD8E03 /* AppleWatchAppSampleUITests */ = {
			isa = PBXGroup;
			children = (
				856DD1D3276F0A7E00DD8E03 /* AppleWatchAppSampleUITests.swift */,
				856DD1D5276F0A7E00DD8E03 /* AppleWatchAppSampleUITestsLaunchTests.swift */,
			);
			path = AppleWatchAppSampleUITests;
			sourceTree = "<group>";
		};
/* End PBXGroup section */

/* Begin PBXNativeTarget section */
		856DD19B276F0A7800DD8E03 /* AppleWatchAppSample */ = {
			isa = PBXNativeTarget;
			buildConfigurationList = 856DD1E1276F0A7E00DD8E03 /* Build configuration list for PBXNativeTarget "AppleWatchAppSample" */;
			buildPhases = (
				856DD19A276F0A7800DD8E03 /* Resources */,
				856DD1E0276F0A7E00DD8E03 /* Embed Watch Content */,
			);
			buildRules = (
			);
			dependencies = (
				856DD1A3276F0A7900DD8E03 /* PBXTargetDependency */,
			);
			name = AppleWatchAppSample;
			productName = AppleWatchAppSample;
			productReference = 856DD19C276F0A7800DD8E03 /* AppleWatchAppSample.app */;
			productType = "com.apple.product-type.application.watchapp2-container";
		};
		856DD19F276F0A7900DD8E03 /* AppleWatchAppSample WatchKit App */ = {
			isa = PBXNativeTarget;
			buildConfigurationList = 856DD1DD276F0A7E00DD8E03 /* Build configuration list for PBXNativeTarget "AppleWatchAppSample WatchKit App" */;
			buildPhases = (
				856DD19E276F0A7900DD8E03 /* Resources */,
				856DD1DC276F0A7E00DD8E03 /* Embed App Extensions */,
			);
			buildRules = (
			);
			dependencies = (
				856DD1AE276F0A7C00DD8E03 /* PBXTargetDependency */,
			);
			name = "AppleWatchAppSample WatchKit App";
			productName = "AppleWatchAppSample WatchKit App";
			productReference = 856DD1A0276F0A7900DD8E03 /* AppleWatchAppSample WatchKit App.app */;
			productType = "com.apple.product-type.application.watchapp2";
		};
		856DD1AA276F0A7C00DD8E03 /* AppleWatchAppSample WatchKit Extension */ = {
			isa = PBXNativeTarget;
			buildConfigurationList = 856DD1D9276F0A7E00DD8E03 /* Build configuration list for PBXNativeTarget "AppleWatchAppSample WatchKit Extension" */;
			buildPhases = (
				856DD1A7276F0A7C00DD8E03 /* Sources */,
				856DD1A8276F0A7C00DD8E03 /* Frameworks */,
				856DD1A9276F0A7C00DD8E03 /* Resources */,
			);
			buildRules = (
			);
			dependencies = (
			);
			name = "AppleWatchAppSample WatchKit Extension";
			productName = "AppleWatchAppSample WatchKit Extension";
			productReference = 856DD1AB276F0A7C00DD8E03 /* AppleWatchAppSample WatchKit Extension.appex */;
			productType = "com.apple.product-type.watchkit2-extension";
		};
		856DD1C4276F0A7E00DD8E03 /* AppleWatchAppSampleTests */ = {
			isa = PBXNativeTarget;
			buildConfigurationList = 856DD1E4276F0A7E00DD8E03 /* Build configuration list for PBXNativeTarget "AppleWatchAppSampleTests" */;
			buildPhases = (
				856DD1C1276F0A7E00DD8E03 /* Sources */,
				856DD1C2276F0A7E00DD8E03 /* Frameworks */,
				856DD1C3276F0A7E00DD8E03 /* Resources */,
			);
			buildRules = (
			);
			dependencies = (
				856DD1C7276F0A7E00DD8E03 /* PBXTargetDependency */,
			);
			name = AppleWatchAppSampleTests;
			productName = AppleWatchAppSampleTests;
			productReference = 856DD1C5276F0A7E00DD8E03 /* AppleWatchAppSampleTests.xctest */;
			productType = "com.apple.product-type.bundle.unit-test";
		};
		856DD1CE276F0A7E00DD8E03 /* AppleWatchAppSampleUITests */ = {
			isa = PBXNativeTarget;
			buildConfigurationList = 856DD1E7276F0A7E00DD8E03 /* Build configuration list for PBXNativeTarget "AppleWatchAppSampleUITests" */;
			buildPhases = (
				856DD1CB276F0A7E00DD8E03 /* Sources */,
				856DD1CC276F0A7E00DD8E03 /* Frameworks */,
				856DD1CD276F0A7E00DD8E03 /* Resources */,
			);
			buildRules = (
			);
			dependencies = (
				856DD1D1276F0A7E00DD8E03 /* PBXTargetDependency */,
			);
			name = AppleWatchAppSampleUITests;
			productName = AppleWatchAppSampleUITests;
			productReference = 856DD1CF276F0A7E00DD8E03 /* AppleWatchAppSampleUITests.xctest */;
			productType = "com.apple.product-type.bundle.ui-testing";
		};
/* End PBXNativeTarget section */

/* Begin PBXProject section */
		856DD196276F0A7800DD8E03 /* Project object */ = {
			isa = PBXProject;
			attributes = {
				BuildIndependentTargetsInParallel = 1;
				LastSwiftUpdateCheck = 1320;
				LastUpgradeCheck = 1320;
				TargetAttributes = {
					856DD19B276F0A7800DD8E03 = {
						CreatedOnToolsVersion = 13.2.1;
					};
					856DD19F276F0A7900DD8E03 = {
						CreatedOnToolsVersion = 13.2.1;
					};
					856DD1AA276F0A7C00DD8E03 = {
						CreatedOnToolsVersion = 13.2.1;
					};
					856DD1C4276F0A7E00DD8E03 = {
						CreatedOnToolsVersion = 13.2.1;
						TestTargetID = 856DD1AA276F0A7C00DD8E03;
					};
					856DD1CE276F0A7E00DD8E03 = {
						CreatedOnToolsVersion = 13.2.1;
						TestTargetID = 856DD19F276F0A7900DD8E03;
					};
				};
			};
			buildConfigurationList = 856DD199276F0A7800DD8E03 /* Build configuration list for PBXProject "AppleWatchAppSample" */;
			compatibilityVersion = "Xcode 13.0";
			developmentRegion = en;
			hasScannedForEncodings = 0;
			knownRegions = (
				en,
				Base,
			);
			mainGroup = 856DD195276F0A7800DD8E03;
			productRefGroup = 856DD19D276F0A7800DD8E03 /* Products */;
			projectDirPath = "";
			projectRoot = "";
			targets = (
				856DD19B276F0A7800DD8E03 /* AppleWatchAppSample */,
				856DD19F276F0A7900DD8E03 /* AppleWatchAppSample WatchKit App */,
				856DD1AA276F0A7C00DD8E03 /* AppleWatchAppSample WatchKit Extension */,
				856DD1C4276F0A7E00DD8E03 /* AppleWatchAppSampleTests */,
				856DD1CE276F0A7E00DD8E03 /* AppleWatchAppSampleUITests */,
			);
		};
/* End PBXProject section */

/* Begin PBXResourcesBuildPhase section */
		856DD19A276F0A7800DD8E03 /* Resources */ = {
			isa = PBXResourcesBuildPhase;
			buildActionMask = 2147483647;
			files = (
			);
			runOnlyForDeploymentPostprocessing = 0;
		};
		856DD19E276F0A7900DD8E03 /* Resources */ = {
			isa = PBXResourcesBuildPhase;
			buildActionMask = 2147483647;
			files = (
				856DD1A6276F0A7C00DD8E03 /* Assets.xcassets in Resources */,
			);
			runOnlyForDeploymentPostprocessing = 0;
		};
		856DD1A9276F0A7C00DD8E03 /* Resources */ = {
			isa = PBXResourcesBuildPhase;
			buildActionMask = 2147483647;
			files = (
				856DD1BE276F0A7E00DD8E03 /* Preview Assets.xcassets in Resources */,
				856DD1BB276F0A7E00DD8E03 /* Assets.xcassets in Resources */,
			);
			runOnlyForDeploymentPostprocessing = 0;
		};
		856DD1C3276F0A7E00DD8E03 /* Resources */ = {
			isa = PBXResourcesBuildPhase;
			buildActionMask = 2147483647;
			files = (
			);
			runOnlyForDeploymentPostprocessing = 0;
		};
		856DD1CD276F0A7E00DD8E03 /* Resources */ = {
			isa = PBXResourcesBuildPhase;
			buildActionMask = 2147483647;
			files = (
			);
			runOnlyForDeploymentPostprocessing = 0;
		};
/* End PBXResourcesBuildPhase section */

/* Begin PBXSourcesBuildPhase section */
		856DD1A7276F0A7C00DD8E03 /* Sources */ = {
			isa = PBXSourcesBuildPhase;
			buildActionMask = 2147483647;
			files = (
				856DD1B5276F0A7C00DD8E03 /* NotificationController.swift in Sources */,
				856DD1B3276F0A7C00DD8E03 /* ContentView.swift in Sources */,
				856DD1B9276F0A7C00DD8E03 /* ComplicationController.swift in Sources */,
				856DD1B1276F0A7C00DD8E03 /* AppleWatchAppSampleApp.swift in Sources */,
				856DD1B7276F0A7C00DD8E03 /* NotificationView.swift in Sources */,
			);
			runOnlyForDeploymentPostprocessing = 0;
		};
		856DD1C1276F0A7E00DD8E03 /* Sources */ = {
			isa = PBXSourcesBuildPhase;
			buildActionMask = 2147483647;
			files = (
				856DD1CA276F0A7E00DD8E03 /* AppleWatchAppSampleTests.swift in Sources */,
			);
			runOnlyForDeploymentPostprocessing = 0;
		};
		856DD1CB276F0A7E00DD8E03 /* Sources */ = {
			isa = PBXSourcesBuildPhase;
			buildActionMask = 2147483647;
			files = (
				856DD1D4276F0A7E00DD8E03 /* AppleWatchAppSampleUITests.swift in Sources */,
				856DD1D6276F0A7E00DD8E03 /* AppleWatchAppSampleUITestsLaunchTests.swift in Sources */,
			);
			runOnlyForDeploymentPostprocessing = 0;
		};
/* End PBXSourcesBuildPhase section */

/* Begin PBXTargetDependency section */
		856DD1A3276F0A7900DD8E03 /* PBXTargetDependency */ = {
			isa = PBXTargetDependency;
			target = 856DD19F276F0A7900DD8E03 /* AppleWatchAppSample WatchKit App */;
			targetProxy = 856DD1A2276F0A7900DD8E03 /* PBXContainerItemProxy */;
		};
		856DD1AE276F0A7C00DD8E03 /* PBXTargetDependency */ = {
			isa = PBXTargetDependency;
			target = 856DD1AA276F0A7C00DD8E03 /* AppleWatchAppSample WatchKit Extension */;
			targetProxy = 856DD1AD276F0A7C00DD8E03 /* PBXContainerItemProxy */;
		};
		856DD1C7276F0A7E00DD8E03 /* PBXTargetDependency */ = {
			isa = PBXTargetDependency;
			target = 856DD1AA276F0A7C00DD8E03 /* AppleWatchAppSample WatchKit Extension */;
			targetProxy = 856DD1C6276F0A7E00DD8E03 /* PBXContainerItemProxy */;
		};
		856DD1D1276F0A7E00DD8E03 /* PBXTargetDependency */ = {
			isa = PBXTargetDependency;
			target = 856DD19F276F0A7900DD8E03 /* AppleWatchAppSample WatchKit App */;
			targetProxy = 856DD1D0276F0A7E00DD8E03 /* PBXContainerItemProxy */;
		};
/* End PBXTargetDependency section */

/* Begin XCBuildConfiguration section */
		856DD1D7276F0A7E00DD8E03 /* Debug */ = {
			isa = XCBuildConfiguration;
			buildSettings = {
				ALWAYS_SEARCH_USER_PATHS = NO;
				CLANG_ANALYZER_NONNULL = YES;
				CLANG_ANALYZER_NUMBER_OBJECT_CONVERSION = YES_AGGRESSIVE;
				CLANG_CXX_LANGUAGE_STANDARD = "gnu++17";
				CLANG_CXX_LIBRARY = "libc++";
				CLANG_ENABLE_MODULES = YES;
				CLANG_ENABLE_OBJC_ARC = YES;
				CLANG_ENABLE_OBJC_WEAK = YES;
				CLANG_WARN_BLOCK_CAPTURE_AUTORELEASING = YES;
				CLANG_WARN_BOOL_CONVERSION = YES;
				CLANG_WARN_COMMA = YES;
				CLANG_WARN_CONSTANT_CONVERSION = YES;
				CLANG_WARN_DEPRECATED_OBJC_IMPLEMENTATIONS = YES;
				CLANG_WARN_DIRECT_OBJC_ISA_USAGE = YES_ERROR;
				CLANG_WARN_DOCUMENTATION_COMMENTS = YES;
				CLANG_WARN_EMPTY_BODY = YES;
				CLANG_WARN_ENUM_CONVERSION = YES;
				CLANG_WARN_INFINITE_RECURSION = YES;
				CLANG_WARN_INT_CONVERSION = YES;
				CLANG_WARN_NON_LITERAL_NULL_CONVERSION = YES;
				CLANG_WARN_OBJC_IMPLICIT_RETAIN_SELF = YES;
				CLANG_WARN_OBJC_LITERAL_CONVERSION = YES;
				CLANG_WARN_OBJC_ROOT_CLASS = YES_ERROR;
				CLANG_WARN_QUOTED_INCLUDE_IN_FRAMEWORK_HEADER = YES;
				CLANG_WARN_RANGE_LOOP_ANALYSIS = YES;
				CLANG_WARN_STRICT_PROTOTYPES = YES;
				CLANG_WARN_SUSPICIOUS_MOVE = YES;
				CLANG_WARN_UNGUARDED_AVAILABILITY = YES_AGGRESSIVE;
				CLANG_WARN_UNREACHABLE_CODE = YES;
				CLANG_WARN__DUPLICATE_METHOD_MATCH = YES;
				COPY_PHASE_STRIP = NO;
				DEBUG_INFORMATION_FORMAT = dwarf;
				ENABLE_STRICT_OBJC_MSGSEND = YES;
				ENABLE_TESTABILITY = YES;
				GCC_C_LANGUAGE_STANDARD = gnu11;
				GCC_DYNAMIC_NO_PIC = NO;
				GCC_NO_COMMON_BLOCKS = YES;
				GCC_OPTIMIZATION_LEVEL = 0;
				GCC_PREPROCESSOR_DEFINITIONS = (
					"DEBUG=1",
					"$(inherited)",
				);
				GCC_WARN_64_TO_32_BIT_CONVERSION = YES;
				GCC_WARN_ABOUT_RETURN_TYPE = YES_ERROR;
				GCC_WARN_UNDECLARED_SELECTOR = YES;
				GCC_WARN_UNINITIALIZED_AUTOS = YES_AGGRESSIVE;
				GCC_WARN_UNUSED_FUNCTION = YES;
				GCC_WARN_UNUSED_VARIABLE = YES;
				MTL_ENABLE_DEBUG_INFO = INCLUDE_SOURCE;
				MTL_FAST_MATH = YES;
				ONLY_ACTIVE_ARCH = YES;
				SDKROOT = iphoneos;
				SWIFT_ACTIVE_COMPILATION_CONDITIONS = DEBUG;
				SWIFT_OPTIMIZATION_LEVEL = "-Onone";
			};
			name = Debug;
		};
		856DD1D8276F0A7E00DD8E03 /* Release */ = {
			isa = XCBuildConfiguration;
			buildSettings = {
				ALWAYS_SEARCH_USER_PATHS = NO;
				CLANG_ANALYZER_NONNULL = YES;
				CLANG_ANALYZER_NUMBER_OBJECT_CONVERSION = YES_AGGRESSIVE;
				CLANG_CXX_LANGUAGE_STANDARD = "gnu++17";
				CLANG_CXX_LIBRARY = "libc++";
				CLANG_ENABLE_MODULES = YES;
				CLANG_ENABLE_OBJC_ARC = YES;
				CLANG_ENABLE_OBJC_WEAK = YES;
				CLANG_WARN_BLOCK_CAPTURE_AUTORELEASING = YES;
				CLANG_WARN_BOOL_CONVERSION = YES;
				CLANG_WARN_COMMA = YES;
				CLANG_WARN_CONSTANT_CONVERSION = YES;
				CLANG_WARN_DEPRECATED_OBJC_IMPLEMENTATIONS = YES;
				CLANG_WARN_DIRECT_OBJC_ISA_USAGE = YES_ERROR;
				CLANG_WARN_DOCUMENTATION_COMMENTS = YES;
				CLANG_WARN_EMPTY_BODY = YES;
				CLANG_WARN_ENUM_CONVERSION = YES;
				CLANG_WARN_INFINITE_RECURSION = YES;
				CLANG_WARN_INT_CONVERSION = YES;
				CLANG_WARN_NON_LITERAL_NULL_CONVERSION = YES;
				CLANG_WARN_OBJC_IMPLICIT_RETAIN_SELF = YES;
				CLANG_WARN_OBJC_LITERAL_CONVERSION = YES;
				CLANG_WARN_OBJC_ROOT_CLASS = YES_ERROR;
				CLANG_WARN_QUOTED_INCLUDE_IN_FRAMEWORK_HEADER = YES;
				CLANG_WARN_RANGE_LOOP_ANALYSIS = YES;
				CLANG_WARN_STRICT_PROTOTYPES = YES;
				CLANG_WARN_SUSPICIOUS_MOVE = YES;
				CLANG_WARN_UNGUARDED_AVAILABILITY = YES_AGGRESSIVE;
				CLANG_WARN_UNREACHABLE_CODE = YES;
				CLANG_WARN__DUPLICATE_METHOD_MATCH = YES;
				COPY_PHASE_STRIP = NO;
				DEBUG_INFORMATION_FORMAT = "dwarf-with-dsym";
				ENABLE_NS_ASSERTIONS = NO;
				ENABLE_STRICT_OBJC_MSGSEND = YES;
				GCC_C_LANGUAGE_STANDARD = gnu11;
				GCC_NO_COMMON_BLOCKS = YES;
				GCC_WARN_64_TO_32_BIT_CONVERSION = YES;
				GCC_WARN_ABOUT_RETURN_TYPE = YES_ERROR;
				GCC_WARN_UNDECLARED_SELECTOR = YES;
				GCC_WARN_UNINITIALIZED_AUTOS = YES_AGGRESSIVE;
				GCC_WARN_UNUSED_FUNCTION = YES;
				GCC_WARN_UNUSED_VARIABLE = YES;
				MTL_ENABLE_DEBUG_INFO = NO;
				MTL_FAST_MATH = YES;
				SDKROOT = iphoneos;
				SWIFT_COMPILATION_MODE = wholemodule;
				SWIFT_OPTIMIZATION_LEVEL = "-O";
				VALIDATE_PRODUCT = YES;
			};
			name = Release;
		};
		856DD1DA276F0A7E00DD8E03 /* Debug */ = {
			isa = XCBuildConfiguration;
			buildSettings = {
				ASSETCATALOG_COMPILER_COMPLICATION_NAME = Complication;
				CODE_SIGN_STYLE = Automatic;
				CURRENT_PROJECT_VERSION = 1;
				DEVELOPMENT_ASSET_PATHS = "\"AppleWatchAppSample WatchKit Extension/Preview Content\"";
				ENABLE_PREVIEWS = YES;
				GENERATE_INFOPLIST_FILE = YES;
				INFOPLIST_FILE = "AppleWatchAppSample WatchKit Extension/Info.plist";
				INFOPLIST_KEY_CFBundleDisplayName = "AppleWatchAppSample WatchKit Extension";
				INFOPLIST_KEY_CLKComplicationPrincipalClass = "$(PRODUCT_MODULE_NAME).ComplicationController";
				INFOPLIST_KEY_NSHumanReadableCopyright = "";
				INFOPLIST_KEY_WKWatchOnly = YES;
				LD_RUNPATH_SEARCH_PATHS = (
					"$(inherited)",
					"@executable_path/Frameworks",
					"@executable_path/../../Frameworks",
				);
				MARKETING_VERSION = 1.0;
				PRODUCT_BUNDLE_IDENTIFIER = com.Tomo.AppleWatchAppSample.watchkitapp.watchkitextension;
				PRODUCT_NAME = "${TARGET_NAME}";
				SDKROOT = watchos;
				SKIP_INSTALL = YES;
				SWIFT_EMIT_LOC_STRINGS = YES;
				SWIFT_VERSION = 5.0;
				TARGETED_DEVICE_FAMILY = 4;
				WATCHOS_DEPLOYMENT_TARGET = 8.3;
			};
			name = Debug;
		};
		856DD1DB276F0A7E00DD8E03 /* Release */ = {
			isa = XCBuildConfiguration;
			buildSettings = {
				ASSETCATALOG_COMPILER_COMPLICATION_NAME = Complication;
				CODE_SIGN_STYLE = Automatic;
				CURRENT_PROJECT_VERSION = 1;
				DEVELOPMENT_ASSET_PATHS = "\"AppleWatchAppSample WatchKit Extension/Preview Content\"";
				ENABLE_PREVIEWS = YES;
				GENERATE_INFOPLIST_FILE = YES;
				INFOPLIST_FILE = "AppleWatchAppSample WatchKit Extension/Info.plist";
				INFOPLIST_KEY_CFBundleDisplayName = "AppleWatchAppSample WatchKit Extension";
				INFOPLIST_KEY_CLKComplicationPrincipalClass = "$(PRODUCT_MODULE_NAME).ComplicationController";
				INFOPLIST_KEY_NSHumanReadableCopyright = "";
				INFOPLIST_KEY_WKWatchOnly = YES;
				LD_RUNPATH_SEARCH_PATHS = (
					"$(inherited)",
					"@executable_path/Frameworks",
					"@executable_path/../../Frameworks",
				);
				MARKETING_VERSION = 1.0;
				PRODUCT_BUNDLE_IDENTIFIER = com.Tomo.AppleWatchAppSample.watchkitapp.watchkitextension;
				PRODUCT_NAME = "${TARGET_NAME}";
				SDKROOT = watchos;
				SKIP_INSTALL = YES;
				SWIFT_EMIT_LOC_STRINGS = YES;
				SWIFT_VERSION = 5.0;
				TARGETED_DEVICE_FAMILY = 4;
				WATCHOS_DEPLOYMENT_TARGET = 8.3;
			};
			name = Release;
		};
		856DD1DE276F0A7E00DD8E03 /* Debug */ = {
			isa = XCBuildConfiguration;
			buildSettings = {
				ALWAYS_EMBED_SWIFT_STANDARD_LIBRARIES = YES;
				ASSETCATALOG_COMPILER_APPICON_NAME = AppIcon;
				ASSETCATALOG_COMPILER_GLOBAL_ACCENT_COLOR_NAME = AccentColor;
				CODE_SIGN_STYLE = Automatic;
				CURRENT_PROJECT_VERSION = 1;
				GENERATE_INFOPLIST_FILE = YES;
				IBSC_MODULE = AppleWatchAppSample_WatchKit_Extension;
				INFOPLIST_KEY_CFBundleDisplayName = "AppleWatchAppSample WatchKit App";
				INFOPLIST_KEY_UISupportedInterfaceOrientations = "UIInterfaceOrientationPortrait UIInterfaceOrientationPortraitUpsideDown";
				MARKETING_VERSION = 1.0;
				PRODUCT_BUNDLE_IDENTIFIER = com.Tomo.AppleWatchAppSample.watchkitapp;
				PRODUCT_NAME = "$(TARGET_NAME)";
				SDKROOT = watchos;
				SKIP_INSTALL = YES;
				SWIFT_EMIT_LOC_STRINGS = YES;
				SWIFT_VERSION = 5.0;
				TARGETED_DEVICE_FAMILY = 4;
				WATCHOS_DEPLOYMENT_TARGET = 8.3;
			};
			name = Debug;
		};
		856DD1DF276F0A7E00DD8E03 /* Release */ = {
			isa = XCBuildConfiguration;
			buildSettings = {
				ALWAYS_EMBED_SWIFT_STANDARD_LIBRARIES = YES;
				ASSETCATALOG_COMPILER_APPICON_NAME = AppIcon;
				ASSETCATALOG_COMPILER_GLOBAL_ACCENT_COLOR_NAME = AccentColor;
				CODE_SIGN_STYLE = Automatic;
				CURRENT_PROJECT_VERSION = 1;
				GENERATE_INFOPLIST_FILE = YES;
				IBSC_MODULE = AppleWatchAppSample_WatchKit_Extension;
				INFOPLIST_KEY_CFBundleDisplayName = "AppleWatchAppSample WatchKit App";
				INFOPLIST_KEY_UISupportedInterfaceOrientations = "UIInterfaceOrientationPortrait UIInterfaceOrientationPortraitUpsideDown";
				MARKETING_VERSION = 1.0;
				PRODUCT_BUNDLE_IDENTIFIER = com.Tomo.AppleWatchAppSample.watchkitapp;
				PRODUCT_NAME = "$(TARGET_NAME)";
				SDKROOT = watchos;
				SKIP_INSTALL = YES;
				SWIFT_EMIT_LOC_STRINGS = YES;
				SWIFT_VERSION = 5.0;
				TARGETED_DEVICE_FAMILY = 4;
				WATCHOS_DEPLOYMENT_TARGET = 8.3;
			};
			name = Release;
		};
		856DD1E2276F0A7E00DD8E03 /* Debug */ = {
			isa = XCBuildConfiguration;
			buildSettings = {
				CODE_SIGN_STYLE = Automatic;
				CURRENT_PROJECT_VERSION = 1;
				MARKETING_VERSION = 1.0;
				PRODUCT_BUNDLE_IDENTIFIER = com.Tomo.AppleWatchAppSample;
				PRODUCT_NAME = "$(TARGET_NAME)";
				SWIFT_VERSION = 5.0;
			};
			name = Debug;
		};
		856DD1E3276F0A7E00DD8E03 /* Release */ = {
			isa = XCBuildConfiguration;
			buildSettings = {
				CODE_SIGN_STYLE = Automatic;
				CURRENT_PROJECT_VERSION = 1;
				MARKETING_VERSION = 1.0;
				PRODUCT_BUNDLE_IDENTIFIER = com.Tomo.AppleWatchAppSample;
				PRODUCT_NAME = "$(TARGET_NAME)";
				SWIFT_VERSION = 5.0;
			};
			name = Release;
		};
		856DD1E5276F0A7E00DD8E03 /* Debug */ = {
			isa = XCBuildConfiguration;
			buildSettings = {
				ALWAYS_EMBED_SWIFT_STANDARD_LIBRARIES = YES;
				BUNDLE_LOADER = "$(TEST_HOST)";
				CODE_SIGN_STYLE = Automatic;
				CURRENT_PROJECT_VERSION = 1;
				GENERATE_INFOPLIST_FILE = YES;
				MARKETING_VERSION = 1.0;
				PRODUCT_BUNDLE_IDENTIFIER = com.Tomo.AppleWatchAppSampleTests;
				PRODUCT_NAME = "$(TARGET_NAME)";
				SDKROOT = watchos;
				SWIFT_EMIT_LOC_STRINGS = NO;
				SWIFT_VERSION = 5.0;
				TARGETED_DEVICE_FAMILY = 4;
				TEST_HOST = "$(BUILT_PRODUCTS_DIR)/AppleWatchAppSample WatchKit Extension.appex/AppleWatchAppSample WatchKit Extension";
				WATCHOS_DEPLOYMENT_TARGET = 8.3;
			};
			name = Debug;
		};
		856DD1E6276F0A7E00DD8E03 /* Release */ = {
			isa = XCBuildConfiguration;
			buildSettings = {
				ALWAYS_EMBED_SWIFT_STANDARD_LIBRARIES = YES;
				BUNDLE_LOADER = "$(TEST_HOST)";
				CODE_SIGN_STYLE = Automatic;
				CURRENT_PROJECT_VERSION = 1;
				GENERATE_INFOPLIST_FILE = YES;
				MARKETING_VERSION = 1.0;
				PRODUCT_BUNDLE_IDENTIFIER = com.Tomo.AppleWatchAppSampleTests;
				PRODUCT_NAME = "$(TARGET_NAME)";
				SDKROOT = watchos;
				SWIFT_EMIT_LOC_STRINGS = NO;
				SWIFT_VERSION = 5.0;
				TARGETED_DEVICE_FAMILY = 4;
				TEST_HOST = "$(BUILT_PRODUCTS_DIR)/AppleWatchAppSample WatchKit Extension.appex/AppleWatchAppSample WatchKit Extension";
				WATCHOS_DEPLOYMENT_TARGET = 8.3;
			};
			name = Release;
		};
		856DD1E8276F0A7E00DD8E03 /* Debug */ = {
			isa = XCBuildConfiguration;
			buildSettings = {
				CODE_SIGN_STYLE = Automatic;
				CURRENT_PROJECT_VERSION = 1;
				GENERATE_INFOPLIST_FILE = YES;
				MARKETING_VERSION = 1.0;
				PRODUCT_BUNDLE_IDENTIFIER = com.Tomo.AppleWatchAppSampleUITests;
				PRODUCT_NAME = "$(TARGET_NAME)";
				SDKROOT = watchos;
				SWIFT_EMIT_LOC_STRINGS = NO;
				SWIFT_VERSION = 5.0;
				TARGETED_DEVICE_FAMILY = 4;
				TEST_TARGET_NAME = "AppleWatchAppSample WatchKit App";
				WATCHOS_DEPLOYMENT_TARGET = 8.3;
			};
			name = Debug;
		};
		856DD1E9276F0A7E00DD8E03 /* Release */ = {
			isa = XCBuildConfiguration;
			buildSettings = {
				CODE_SIGN_STYLE = Automatic;
				CURRENT_PROJECT_VERSION = 1;
				GENERATE_INFOPLIST_FILE = YES;
				MARKETING_VERSION = 1.0;
				PRODUCT_BUNDLE_IDENTIFIER = com.Tomo.AppleWatchAppSampleUITests;
				PRODUCT_NAME = "$(TARGET_NAME)";
				SDKROOT = watchos;
				SWIFT_EMIT_LOC_STRINGS = NO;
				SWIFT_VERSION = 5.0;
				TARGETED_DEVICE_FAMILY = 4;
				TEST_TARGET_NAME = "AppleWatchAppSample WatchKit App";
				WATCHOS_DEPLOYMENT_TARGET = 8.3;
			};
			name = Release;
		};
/* End XCBuildConfiguration section */

/* Begin XCConfigurationList section */
		856DD199276F0A7800DD8E03 /* Build configuration list for PBXProject "AppleWatchAppSample" */ = {
			isa = XCConfigurationList;
			buildConfigurations = (
				856DD1D7276F0A7E00DD8E03 /* Debug */,
				856DD1D8276F0A7E00DD8E03 /* Release */,
			);
			defaultConfigurationIsVisible = 0;
			defaultConfigurationName = Release;
		};
		856DD1D9276F0A7E00DD8E03 /* Build configuration list for PBXNativeTarget "AppleWatchAppSample WatchKit Extension" */ = {
			isa = XCConfigurationList;
			buildConfigurations = (
				856DD1DA276F0A7E00DD8E03 /* Debug */,
				856DD1DB276F0A7E00DD8E03 /* Release */,
			);
			defaultConfigurationIsVisible = 0;
			defaultConfigurationName = Release;
		};
		856DD1DD276F0A7E00DD8E03 /* Build configuration list for PBXNativeTarget "AppleWatchAppSample WatchKit App" */ = {
			isa = XCConfigurationList;
			buildConfigurations = (
				856DD1DE276F0A7E00DD8E03 /* Debug */,
				856DD1DF276F0A7E00DD8E03 /* Release */,
			);
			defaultConfigurationIsVisible = 0;
			defaultConfigurationName = Release;
		};
		856DD1E1276F0A7E00DD8E03 /* Build configuration list for PBXNativeTarget "AppleWatchAppSample" */ = {
			isa = XCConfigurationList;
			buildConfigurations = (
				856DD1E2276F0A7E00DD8E03 /* Debug */,
				856DD1E3276F0A7E00DD8E03 /* Release */,
			);
			defaultConfigurationIsVisible = 0;
			defaultConfigurationName = Release;
		};
		856DD1E4276F0A7E00DD8E03 /* Build configuration list for PBXNativeTarget "AppleWatchAppSampleTests" */ = {
			isa = XCConfigurationList;
			buildConfigurations = (
				856DD1E5276F0A7E00DD8E03 /* Debug */,
				856DD1E6276F0A7E00DD8E03 /* Release */,
			);
			defaultConfigurationIsVisible = 0;
			defaultConfigurationName = Release;
		};
		856DD1E7276F0A7E00DD8E03 /* Build configuration list for PBXNativeTarget "AppleWatchAppSampleUITests" */ = {
			isa = XCConfigurationList;
			buildConfigurations = (
				856DD1E8276F0A7E00DD8E03 /* Debug */,
				856DD1E9276F0A7E00DD8E03 /* Release */,
			);
			defaultConfigurationIsVisible = 0;
			defaultConfigurationName = Release;
		};
/* End XCConfigurationList section */
	};
	rootObject = 856DD196276F0A7800DD8E03 /* Project object */;
}
